
Microsoft Visual Studio Solution File, Format Version 11.00
# Visual Studio 2010
Project("{FAE04EC0-301F-11D3-BF4B-00C04F79EFBC}") = "Dull Escape", "Assembly-CSharp.csproj", "{683E911A-9C01-5E5C-E9EC-071E0A67B7FE}"
EndProject
Global
	GlobalSection(SolutionConfigurationPlatforms) = preSolution
		Debug|Any CPU = Debug|Any CPU
		Release|Any CPU = Release|Any CPU
	EndGlobalSection
	GlobalSection(ProjectConfigurationPlatforms) = postSolution
		{683E911A-9C01-5E5C-E9EC-071E0A67B7FE}.Debug|Any CPU.ActiveCfg = Debug|Any CPU
		{683E911A-9C01-5E5C-E9EC-071E0A67B7FE}.Debug|Any CPU.Build.0 = Debug|Any CPU
		{683E911A-9C01-5E5C-E9EC-071E0A67B7FE}.Release|Any CPU.ActiveCfg = Release|Any CPU
		{683E911A-9C01-5E5C-E9EC-071E0A67B7FE}.Release|Any CPU.Build.0 = Release|Any CPU
	EndGlobalSection
	GlobalSection(SolutionProperties) = preSolution
		HideSolutionNode = FALSE
	EndGlobalSection
	GlobalSection(MonoDevelopProperties) = preSolution
		StartupItem = Assembly-CSharp.csproj
	EndGlobalSection
EndGlobal
